{
  "requires": true,
  "lockfileVersion": 1,
  "dependencies": {
    "adaptivecards": {
      "version": "2.10.0",
      "resolved": "https://registry.npmjs.org/adaptivecards/-/adaptivecards-2.10.0.tgz",
      "integrity": "sha512-QcgXGFlX3rgIfZkxvQY896zEVBh30mE37z3XKhcQW2OqSUrVH6dNT78MkM//W4wRdrZizSHqXKLaKyVVxAgVFg=="
    }
  }
}
